
Microsoft Visual Studio Solution File, Format Version 12.00
# Visual Studio Version 16
VisualStudioVersion = 16.0.30204.135
MinimumVisualStudioVersion = 10.0.40219.1
Project("{FAE04EC0-301F-11D3-BF4B-00C04F79EFBC}") = "ElianTrans.UWP", "ElianTrans\ElianTrans.UWP\ElianTrans.UWP.csproj", "{83B17816-81E6-4F18-9AA0-194BDF128B81}"
EndProject
Project("{FAE04EC0-301F-11D3-BF4B-00C04F79EFBC}") = "ElianTrans.Android", "ElianTrans\ElianTrans.Android\ElianTrans.Android.csproj", "{0602EF86-5AD0-4932-A3EC-6B6E62538CA8}"
EndProject
Project("{FAE04EC0-301F-11D3-BF4B-00C04F79EFBC}") = "ElianTrans.iOS", "ElianTrans\ElianTrans.iOS\ElianTrans.iOS.csproj", "{E0CC7CBD-1E9F-4905-BF0C-50D8B69BF5EA}"
EndProject
Project("{FAE04EC0-301F-11D3-BF4B-00C04F79EFBC}") = "ElianTrans", "ElianTrans\ElianTrans\ElianTrans.csproj", "{2968C3AF-D9D2-4895-A985-093D3F3F7594}"
EndProject
Global
	GlobalSection(SolutionConfigurationPlatforms) = preSolution
		Debug|Any CPU = Debug|Any CPU
		Debug|ARM = Debug|ARM
		Debug|iPhone = Debug|iPhone
		Debug|iPhoneSimulator = Debug|iPhoneSimulator
		Debug|x64 = Debug|x64
		Debug|x86 = Debug|x86
		Release|Any CPU = Release|Any CPU
		Release|ARM = Release|ARM
		Release|iPhone = Release|iPhone
		Release|iPhoneSimulator = Release|iPhoneSimulator
		Release|x64 = Release|x64
		Release|x86 = Release|x86
	EndGlobalSection
	GlobalSection(ProjectConfigurationPlatforms) = postSolution
		{83B17816-81E6-4F18-9AA0-194BDF128B81}.Debug|Any CPU.ActiveCfg = Debug|x86
		{83B17816-81E6-4F18-9AA0-194BDF128B81}.Debug|Any CPU.Build.0 = Debug|x86
		{83B17816-81E6-4F18-9AA0-194BDF128B81}.Debug|Any CPU.Deploy.0 = Debug|x86
		{83B17816-81E6-4F18-9AA0-194BDF128B81}.Debug|ARM.ActiveCfg = Debug|ARM
		{83B17816-81E6-4F18-9AA0-194BDF128B81}.Debug|ARM.Build.0 = Debug|ARM
		{83B17816-81E6-4F18-9AA0-194BDF128B81}.Debug|ARM.Deploy.0 = Debug|ARM
		{83B17816-81E6-4F18-9AA0-194BDF128B81}.Debug|iPhone.ActiveCfg = Debug|x86
		{83B17816-81E6-4F18-9AA0-194BDF128B81}.Debug|iPhone.Build.0 = Debug|x86
		{83B17816-81E6-4F18-9AA0-194BDF128B81}.Debug|iPhone.Deploy.0 = Debug|x86
		{83B17816-81E6-4F18-9AA0-194BDF128B81}.Debug|iPhoneSimulator.ActiveCfg = Debug|x86
		{83B17816-81E6-4F18-9AA0-194BDF128B81}.Debug|iPhoneSimulator.Build.0 = Debug|x86
		{83B17816-81E6-4F18-9AA0-194BDF128B81}.Debug|iPhoneSimulator.Deploy.0 = Debug|x86
		{83B17816-81E6-4F18-9AA0-194BDF128B81}.Debug|x64.ActiveCfg = Debug|x64
		{83B17816-81E6-4F18-9AA0-194BDF128B81}.Debug|x64.Build.0 = Debug|x64
		{83B17816-81E6-4F18-9AA0-194BDF128B81}.Debug|x64.Deploy.0 = Debug|x64
		{83B17816-81E6-4F18-9AA0-194BDF128B81}.Debug|x86.ActiveCfg = Debug|x86
		{83B17816-81E6-4F18-9AA0-194BDF128B81}.Debug|x86.Build.0 = Debug|x86
		{83B17816-81E6-4F18-9AA0-194BDF128B81}.Debug|x86.Deploy.0 = Debug|x86
		{83B17816-81E6-4F18-9AA0-194BDF128B81}.Release|Any CPU.ActiveCfg = Release|x86
		{83B17816-81E6-4F18-9AA0-194BDF128B81}.Release|Any CPU.Build.0 = Release|x86
		{83B17816-81E6-4F18-9AA0-194BDF128B81}.Release|Any CPU.Deploy.0 = Release|x86
		{83B17816-81E6-4F18-9AA0-194BDF128B81}.Release|ARM.ActiveCfg = Release|ARM
		{83B17816-81E6-4F18-9AA0-194BDF128B81}.Release|ARM.Build.0 = Release|ARM
		{83B17816-81E6-4F18-9AA0-194BDF128B81}.Release|ARM.Deploy.0 = Release|ARM
		{83B17816-81E6-4F18-9AA0-194BDF128B81}.Release|iPhone.ActiveCfg = Release|x86
		{83B17816-81E6-4F18-9AA0-194BDF128B81}.Release|iPhone.Build.0 = Release|x86
		{83B17816-81E6-4F18-9AA0-194BDF128B81}.Release|iPhone.Deploy.0 = Release|x86
		{83B17816-81E6-4F18-9AA0-194BDF128B81}.Release|iPhoneSimulator.ActiveCfg = Release|x86
		{83B17816-81E6-4F18-9AA0-194BDF128B81}.Release|iPhoneSimulator.Build.0 = Release|x86
		{83B17816-81E6-4F18-9AA0-194BDF128B81}.Release|iPhoneSimulator.Deploy.0 = Release|x86
		{83B17816-81E6-4F18-9AA0-194BDF128B81}.Release|x64.ActiveCfg = Release|x64
		{83B17816-81E6-4F18-9AA0-194BDF128B81}.Release|x64.Build.0 = Release|x64
		{83B17816-81E6-4F18-9AA0-194BDF128B81}.Release|x64.Deploy.0 = Release|x64
		{83B17816-81E6-4F18-9AA0-194BDF128B81}.Release|x86.ActiveCfg = Release|x86
		{83B17816-81E6-4F18-9AA0-194BDF128B81}.Release|x86.Build.0 = Release|x86
		{83B17816-81E6-4F18-9AA0-194BDF128B81}.Release|x86.Deploy.0 = Release|x86
		{0602EF86-5AD0-4932-A3EC-6B6E62538CA8}.Debug|Any CPU.ActiveCfg = Debug|Any CPU
		{0602EF86-5AD0-4932-A3EC-6B6E62538CA8}.Debug|Any CPU.Build.0 = Debug|Any CPU
		{0602EF86-5AD0-4932-A3EC-6B6E62538CA8}.Debug|Any CPU.Deploy.0 = Debug|Any CPU
		{0602EF86-5AD0-4932-A3EC-6B6E62538CA8}.Debug|ARM.ActiveCfg = Debug|Any CPU
		{0602EF86-5AD0-4932-A3EC-6B6E62538CA8}.Debug|ARM.Build.0 = Debug|Any CPU
		{0602EF86-5AD0-4932-A3EC-6B6E62538CA8}.Debug|ARM.Deploy.0 = Debug|Any CPU
		{0602EF86-5AD0-4932-A3EC-6B6E62538CA8}.Debug|iPhone.ActiveCfg = Debug|Any CPU
		{0602EF86-5AD0-4932-A3EC-6B6E62538CA8}.Debug|iPhone.Build.0 = Debug|Any CPU
		{0602EF86-5AD0-4932-A3EC-6B6E62538CA8}.Debug|iPhone.Deploy.0 = Debug|Any CPU
		{0602EF86-5AD0-4932-A3EC-6B6E62538CA8}.Debug|iPhoneSimulator.ActiveCfg = Debug|Any CPU
		{0602EF86-5AD0-4932-A3EC-6B6E62538CA8}.Debug|iPhoneSimulator.Build.0 = Debug|Any CPU
		{0602EF86-5AD0-4932-A3EC-6B6E62538CA8}.Debug|iPhoneSimulator.Deploy.0 = Debug|Any CPU
		{0602EF86-5AD0-4932-A3EC-6B6E62538CA8}.Debug|x64.ActiveCfg = Debug|Any CPU
		{0602EF86-5AD0-4932-A3EC-6B6E62538CA8}.Debug|x64.Build.0 = Debug|Any CPU
		{0602EF86-5AD0-4932-A3EC-6B6E62538CA8}.Debug|x64.Deploy.0 = Debug|Any CPU
		{0602EF86-5AD0-4932-A3EC-6B6E62538CA8}.Debug|x86.ActiveCfg = Debug|Any CPU
		{0602EF86-5AD0-4932-A3EC-6B6E62538CA8}.Debug|x86.Build.0 = Debug|Any CPU
		{0602EF86-5AD0-4932-A3EC-6B6E62538CA8}.Debug|x86.Deploy.0 = Debug|Any CPU
		{0602EF86-5AD0-4932-A3EC-6B6E62538CA8}.Release|Any CPU.ActiveCfg = Release|Any CPU
		{0602EF86-5AD0-4932-A3EC-6B6E62538CA8}.Release|Any CPU.Build.0 = Release|Any CPU
		{0602EF86-5AD0-4932-A3EC-6B6E62538CA8}.Release|Any CPU.Deploy.0 = Release|Any CPU
		{0602EF86-5AD0-4932-A3EC-6B6E62538CA8}.Release|ARM.ActiveCfg = Release|Any CPU
		{0602EF86-5AD0-4932-A3EC-6B6E62538CA8}.Release|ARM.Build.0 = Release|Any CPU
		{0602EF86-5AD0-4932-A3EC-6B6E62538CA8}.Release|ARM.Deploy.0 = Release|Any CPU
		{0602EF86-5AD0-4932-A3EC-6B6E62538CA8}.Release|iPhone.ActiveCfg = Release|Any CPU
		{0602EF86-5AD0-4932-A3EC-6B6E62538CA8}.Release|iPhone.Build.0 = Release|Any CPU
		{0602EF86-5AD0-4932-A3EC-6B6E62538CA8}.Release|iPhone.Deploy.0 = Release|Any CPU
		{0602EF86-5AD0-4932-A3EC-6B6E62538CA8}.Release|iPhoneSimulator.ActiveCfg = Release|Any CPU
		{0602EF86-5AD0-4932-A3EC-6B6E62538CA8}.Release|iPhoneSimulator.Build.0 = Release|Any CPU
		{0602EF86-5AD0-4932-A3EC-6B6E62538CA8}.Release|iPhoneSimulator.Deploy.0 = Release|Any CPU
		{0602EF86-5AD0-4932-A3EC-6B6E62538CA8}.Release|x64.ActiveCfg = Release|Any CPU
		{0602EF86-5AD0-4932-A3EC-6B6E62538CA8}.Release|x64.Build.0 = Release|Any CPU
		{0602EF86-5AD0-4932-A3EC-6B6E62538CA8}.Release|x64.Deploy.0 = Release|Any CPU
		{0602EF86-5AD0-4932-A3EC-6B6E62538CA8}.Release|x86.ActiveCfg = Release|Any CPU
		{0602EF86-5AD0-4932-A3EC-6B6E62538CA8}.Release|x86.Build.0 = Release|Any CPU
		{0602EF86-5AD0-4932-A3EC-6B6E62538CA8}.Release|x86.Deploy.0 = Release|Any CPU
		{E0CC7CBD-1E9F-4905-BF0C-50D8B69BF5EA}.Debug|Any CPU.ActiveCfg = Debug|iPhone
		{E0CC7CBD-1E9F-4905-BF0C-50D8B69BF5EA}.Debug|Any CPU.Build.0 = Debug|iPhone
		{E0CC7CBD-1E9F-4905-BF0C-50D8B69BF5EA}.Debug|Any CPU.Deploy.0 = Debug|iPhone
		{E0CC7CBD-1E9F-4905-BF0C-50D8B69BF5EA}.Debug|ARM.ActiveCfg = Debug|iPhone
		{E0CC7CBD-1E9F-4905-BF0C-50D8B69BF5EA}.Debug|ARM.Build.0 = Debug|iPhone
		{E0CC7CBD-1E9F-4905-BF0C-50D8B69BF5EA}.Debug|ARM.Deploy.0 = Debug|iPhone
		{E0CC7CBD-1E9F-4905-BF0C-50D8B69BF5EA}.Debug|iPhone.ActiveCfg = Debug|iPhone
		{E0CC7CBD-1E9F-4905-BF0C-50D8B69BF5EA}.Debug|iPhone.Build.0 = Debug|iPhone
		{E0CC7CBD-1E9F-4905-BF0C-50D8B69BF5EA}.Debug|iPhone.Deploy.0 = Debug|iPhone
		{E0CC7CBD-1E9F-4905-BF0C-50D8B69BF5EA}.Debug|iPhoneSimulator.ActiveCfg = Debug|iPhoneSimulator
		{E0CC7CBD-1E9F-4905-BF0C-50D8B69BF5EA}.Debug|iPhoneSimulator.Build.0 = Debug|iPhoneSimulator
		{E0CC7CBD-1E9F-4905-BF0C-50D8B69BF5EA}.Debug|iPhoneSimulator.Deploy.0 = Debug|iPhoneSimulator
		{E0CC7CBD-1E9F-4905-BF0C-50D8B69BF5EA}.Debug|x64.ActiveCfg = Debug|iPhone
		{E0CC7CBD-1E9F-4905-BF0C-50D8B69BF5EA}.Debug|x64.Build.0 = Debug|iPhone
		{E0CC7CBD-1E9F-4905-BF0C-50D8B69BF5EA}.Debug|x64.Deploy.0 = Debug|iPhone
		{E0CC7CBD-1E9F-4905-BF0C-50D8B69BF5EA}.Debug|x86.ActiveCfg = Debug|iPhone
		{E0CC7CBD-1E9F-4905-BF0C-50D8B69BF5EA}.Debug|x86.Build.0 = Debug|iPhone
		{E0CC7CBD-1E9F-4905-BF0C-50D8B69BF5EA}.Debug|x86.Deploy.0 = Debug|iPhone
		{E0CC7CBD-1E9F-4905-BF0C-50D8B69BF5EA}.Release|Any CPU.ActiveCfg = Release|iPhone
		{E0CC7CBD-1E9F-4905-BF0C-50D8B69BF5EA}.Release|Any CPU.Build.0 = Release|iPhone
		{E0CC7CBD-1E9F-4905-BF0C-50D8B69BF5EA}.Release|Any CPU.Deploy.0 = Release|iPhone
		{E0CC7CBD-1E9F-4905-BF0C-50D8B69BF5EA}.Release|ARM.ActiveCfg = Release|iPhone
		{E0CC7CBD-1E9F-4905-BF0C-50D8B69BF5EA}.Release|ARM.Build.0 = Release|iPhone
		{E0CC7CBD-1E9F-4905-BF0C-50D8B69BF5EA}.Release|ARM.Deploy.0 = Release|iPhone
		{E0CC7CBD-1E9F-4905-BF0C-50D8B69BF5EA}.Release|iPhone.ActiveCfg = Release|iPhone
		{E0CC7CBD-1E9F-4905-BF0C-50D8B69BF5EA}.Release|iPhone.Build.0 = Release|iPhone
		{E0CC7CBD-1E9F-4905-BF0C-50D8B69BF5EA}.Release|iPhone.Deploy.0 = Release|iPhone
		{E0CC7CBD-1E9F-4905-BF0C-50D8B69BF5EA}.Release|iPhoneSimulator.ActiveCfg = Release|iPhoneSimulator
		{E0CC7CBD-1E9F-4905-BF0C-50D8B69BF5EA}.Release|iPhoneSimulator.Build.0 = Release|iPhoneSimulator
		{E0CC7CBD-1E9F-4905-BF0C-50D8B69BF5EA}.Release|iPhoneSimulator.Deploy.0 = Release|iPhoneSimulator
		{E0CC7CBD-1E9F-4905-BF0C-50D8B69BF5EA}.Release|x64.ActiveCfg = Release|iPhone
		{E0CC7CBD-1E9F-4905-BF0C-50D8B69BF5EA}.Release|x64.Build.0 = Release|iPhone
		{E0CC7CBD-1E9F-4905-BF0C-50D8B69BF5EA}.Release|x64.Deploy.0 = Release|iPhone
		{E0CC7CBD-1E9F-4905-BF0C-50D8B69BF5EA}.Release|x86.ActiveCfg = Release|iPhone
		{E0CC7CBD-1E9F-4905-BF0C-50D8B69BF5EA}.Release|x86.Build.0 = Release|iPhone
		{E0CC7CBD-1E9F-4905-BF0C-50D8B69BF5EA}.Release|x86.Deploy.0 = Release|iPhone
		{2968C3AF-D9D2-4895-A985-093D3F3F7594}.Debug|Any CPU.ActiveCfg = Debug|Any CPU
		{2968C3AF-D9D2-4895-A985-093D3F3F7594}.Debug|Any CPU.Build.0 = Debug|Any CPU
		{2968C3AF-D9D2-4895-A985-093D3F3F7594}.Debug|Any CPU.Deploy.0 = Debug|Any CPU
		{2968C3AF-D9D2-4895-A985-093D3F3F7594}.Debug|ARM.ActiveCfg = Debug|Any CPU
		{2968C3AF-D9D2-4895-A985-093D3F3F7594}.Debug|ARM.Build.0 = Debug|Any CPU
		{2968C3AF-D9D2-4895-A985-093D3F3F7594}.Debug|ARM.Deploy.0 = Debug|Any CPU
		{2968C3AF-D9D2-4895-A985-093D3F3F7594}.Debug|iPhone.ActiveCfg = Debug|Any CPU
		{2968C3AF-D9D2-4895-A985-093D3F3F7594}.Debug|iPhone.Build.0 = Debug|Any CPU
		{2968C3AF-D9D2-4895-A985-093D3F3F7594}.Debug|iPhone.Deploy.0 = Debug|Any CPU
		{2968C3AF-D9D2-4895-A985-093D3F3F7594}.Debug|iPhoneSimulator.ActiveCfg = Debug|Any CPU
		{2968C3AF-D9D2-4895-A985-093D3F3F7594}.Debug|iPhoneSimulator.Build.0 = Debug|Any CPU
		{2968C3AF-D9D2-4895-A985-093D3F3F7594}.Debug|iPhoneSimulator.Deploy.0 = Debug|Any CPU
		{2968C3AF-D9D2-4895-A985-093D3F3F7594}.Debug|x64.ActiveCfg = Debug|Any CPU
		{2968C3AF-D9D2-4895-A985-093D3F3F7594}.Debug|x64.Build.0 = Debug|Any CPU
		{2968C3AF-D9D2-4895-A985-093D3F3F7594}.Debug|x64.Deploy.0 = Debug|Any CPU
		{2968C3AF-D9D2-4895-A985-093D3F3F7594}.Debug|x86.ActiveCfg = Debug|Any CPU
		{2968C3AF-D9D2-4895-A985-093D3F3F7594}.Debug|x86.Build.0 = Debug|Any CPU
		{2968C3AF-D9D2-4895-A985-093D3F3F7594}.Debug|x86.Deploy.0 = Debug|Any CPU
		{2968C3AF-D9D2-4895-A985-093D3F3F7594}.Release|Any CPU.ActiveCfg = Release|Any CPU
		{2968C3AF-D9D2-4895-A985-093D3F3F7594}.Release|Any CPU.Build.0 = Release|Any CPU
		{2968C3AF-D9D2-4895-A985-093D3F3F7594}.Release|Any CPU.Deploy.0 = Release|Any CPU
		{2968C3AF-D9D2-4895-A985-093D3F3F7594}.Release|ARM.ActiveCfg = Release|Any CPU
		{2968C3AF-D9D2-4895-A985-093D3F3F7594}.Release|ARM.Build.0 = Release|Any CPU
		{2968C3AF-D9D2-4895-A985-093D3F3F7594}.Release|ARM.Deploy.0 = Release|Any CPU
		{2968C3AF-D9D2-4895-A985-093D3F3F7594}.Release|iPhone.ActiveCfg = Release|Any CPU
		{2968C3AF-D9D2-4895-A985-093D3F3F7594}.Release|iPhone.Build.0 = Release|Any CPU
		{2968C3AF-D9D2-4895-A985-093D3F3F7594}.Release|iPhone.Deploy.0 = Release|Any CPU
		{2968C3AF-D9D2-4895-A985-093D3F3F7594}.Release|iPhoneSimulator.ActiveCfg = Release|Any CPU
		{2968C3AF-D9D2-4895-A985-093D3F3F7594}.Release|iPhoneSimulator.Build.0 = Release|Any CPU
		{2968C3AF-D9D2-4895-A985-093D3F3F7594}.Release|iPhoneSimulator.Deploy.0 = Release|Any CPU
		{2968C3AF-D9D2-4895-A985-093D3F3F7594}.Release|x64.ActiveCfg = Release|Any CPU
		{2968C3AF-D9D2-4895-A985-093D3F3F7594}.Release|x64.Build.0 = Release|Any CPU
		{2968C3AF-D9D2-4895-A985-093D3F3F7594}.Release|x64.Deploy.0 = Release|Any CPU
		{2968C3AF-D9D2-4895-A985-093D3F3F7594}.Release|x86.ActiveCfg = Release|Any CPU
		{2968C3AF-D9D2-4895-A985-093D3F3F7594}.Release|x86.Build.0 = Release|Any CPU
		{2968C3AF-D9D2-4895-A985-093D3F3F7594}.Release|x86.Deploy.0 = Release|Any CPU
	EndGlobalSection
	GlobalSection(SolutionProperties) = preSolution
		HideSolutionNode = FALSE
	EndGlobalSection
	GlobalSection(ExtensibilityGlobals) = postSolution
		SolutionGuid = {1F82C87F-E602-4920-9977-127E4D95A456}
	EndGlobalSection
EndGlobal
